// !$*UTF8*$!
{
	archiveVersion = 1;
	classes = {
	};
	objectVersion = 51;
	objects = {

/* Begin PBXBuildFile section */
		00DB06F20C4BF88BCA80A00D /* Pods_MovieBookingApp.framework in Frameworks */ = {isa = PBXBuildFile; fileRef = 6F277D575396072B9450D624 /* Pods_MovieBookingApp.framework */; };
		9821D9C7268382A70024AD76 /* GenreCollectionViewCell.swift in Sources */ = {isa = PBXBuildFile; fileRef = 9821D9C5268382A70024AD76 /* GenreCollectionViewCell.swift */; };
		9821D9C8268382A70024AD76 /* GenreCollectionViewCell.xib in Resources */ = {isa = PBXBuildFile; fileRef = 9821D9C6268382A70024AD76 /* GenreCollectionViewCell.xib */; };
		9821D9CB26838D8B0024AD76 /* CastCollectionViewCell.swift in Sources */ = {isa = PBXBuildFile; fileRef = 9821D9C926838D8B0024AD76 /* CastCollectionViewCell.swift */; };
		9821D9CC26838D8B0024AD76 /* CastCollectionViewCell.xib in Resources */ = {isa = PBXBuildFile; fileRef = 9821D9CA26838D8B0024AD76 /* CastCollectionViewCell.xib */; };
		9821D9CE2683947B0024AD76 /* PayViewController.swift in Sources */ = {isa = PBXBuildFile; fileRef = 9821D9CD2683947B0024AD76 /* PayViewController.swift */; };
		9821D9D02683A41F0024AD76 /* VisaViewController.swift in Sources */ = {isa = PBXBuildFile; fileRef = 9821D9CF2683A41F0024AD76 /* VisaViewController.swift */; };
		9821D9D22683A42A0024AD76 /* AwesomeViewController.swift in Sources */ = {isa = PBXBuildFile; fileRef = 9821D9D12683A42A0024AD76 /* AwesomeViewController.swift */; };
		9821D9D52683AF760024AD76 /* VisaCollectionViewCell.swift in Sources */ = {isa = PBXBuildFile; fileRef = 9821D9D32683AF760024AD76 /* VisaCollectionViewCell.swift */; };
		9821D9D62683AF760024AD76 /* VisaCollectionViewCell.xib in Resources */ = {isa = PBXBuildFile; fileRef = 9821D9D42683AF760024AD76 /* VisaCollectionViewCell.xib */; };
		9836FC09266E8E5C00E2A0BE /* AppDelegate.swift in Sources */ = {isa = PBXBuildFile; fileRef = 9836FC08266E8E5C00E2A0BE /* AppDelegate.swift */; };
		9836FC0B266E8E5C00E2A0BE /* SceneDelegate.swift in Sources */ = {isa = PBXBuildFile; fileRef = 9836FC0A266E8E5C00E2A0BE /* SceneDelegate.swift */; };
		9836FC0D266E8E5C00E2A0BE /* ViewController.swift in Sources */ = {isa = PBXBuildFile; fileRef = 9836FC0C266E8E5C00E2A0BE /* ViewController.swift */; };
		9836FC10266E8E5C00E2A0BE /* Main.storyboard in Resources */ = {isa = PBXBuildFile; fileRef = 9836FC0E266E8E5C00E2A0BE /* Main.storyboard */; };
		9836FC12266E8E5E00E2A0BE /* Assets.xcassets in Resources */ = {isa = PBXBuildFile; fileRef = 9836FC11266E8E5E00E2A0BE /* Assets.xcassets */; };
		9836FC15266E8E5E00E2A0BE /* LaunchScreen.storyboard in Resources */ = {isa = PBXBuildFile; fileRef = 9836FC13266E8E5E00E2A0BE /* LaunchScreen.storyboard */; };
		9836FC1F266FA3EE00E2A0BE /* MovieTimeViewController.swift in Sources */ = {isa = PBXBuildFile; fileRef = 9836FC1E266FA3EE00E2A0BE /* MovieTimeViewController.swift */; };
		9836FC21266FA40300E2A0BE /* MovieSeatViewController.swift in Sources */ = {isa = PBXBuildFile; fileRef = 9836FC20266FA40300E2A0BE /* MovieSeatViewController.swift */; };
		9836FC34266FD04D00E2A0BE /* DayCollectionViewCell.swift in Sources */ = {isa = PBXBuildFile; fileRef = 9836FC32266FD04D00E2A0BE /* DayCollectionViewCell.swift */; };
		9836FC35266FD04D00E2A0BE /* DayCollectionViewCell.xib in Resources */ = {isa = PBXBuildFile; fileRef = 9836FC33266FD04D00E2A0BE /* DayCollectionViewCell.xib */; };
		9836FC38266FDF5400E2A0BE /* TimeCollectionViewCell.swift in Sources */ = {isa = PBXBuildFile; fileRef = 9836FC36266FDF5400E2A0BE /* TimeCollectionViewCell.swift */; };
		9836FC39266FDF5400E2A0BE /* TimeCollectionViewCell.xib in Resources */ = {isa = PBXBuildFile; fileRef = 9836FC37266FDF5400E2A0BE /* TimeCollectionViewCell.xib */; };
		9836FC3B2671307E00E2A0BE /* MovieVO.swift in Sources */ = {isa = PBXBuildFile; fileRef = 9836FC3A2671307E00E2A0BE /* MovieVO.swift */; };
		9836FC3D2671337A00E2A0BE /* AppConstants.swift in Sources */ = {isa = PBXBuildFile; fileRef = 9836FC3C2671337A00E2A0BE /* AppConstants.swift */; };
		9836FC3F2671340A00E2A0BE /* Dummy.swift in Sources */ = {isa = PBXBuildFile; fileRef = 9836FC3E2671340A00E2A0BE /* Dummy.swift */; };
		9836FC4226713A3D00E2A0BE /* MovieSeatCollectionViewCell.swift in Sources */ = {isa = PBXBuildFile; fileRef = 9836FC4026713A3D00E2A0BE /* MovieSeatCollectionViewCell.swift */; };
		9836FC4326713A3D00E2A0BE /* MovieSeatCollectionViewCell.xib in Resources */ = {isa = PBXBuildFile; fileRef = 9836FC4126713A3D00E2A0BE /* MovieSeatCollectionViewCell.xib */; };
		9836FC452672081A00E2A0BE /* WelcomeViewController.swift in Sources */ = {isa = PBXBuildFile; fileRef = 9836FC442672081A00E2A0BE /* WelcomeViewController.swift */; };
		9836FC472673D15700E2A0BE /* Router.swift in Sources */ = {isa = PBXBuildFile; fileRef = 9836FC462673D15700E2A0BE /* Router.swift */; };
		9836FC492673DDFC00E2A0BE /* LoginViewController.swift in Sources */ = {isa = PBXBuildFile; fileRef = 9836FC482673DDFC00E2A0BE /* LoginViewController.swift */; };
		9836FC4B2673E55F00E2A0BE /* ViewExtension.swift in Sources */ = {isa = PBXBuildFile; fileRef = 9836FC4A2673E55F00E2A0BE /* ViewExtension.swift */; };
		9836FC4E2673F50700E2A0BE /* LoginSigninCollectionViewCell.swift in Sources */ = {isa = PBXBuildFile; fileRef = 9836FC4C2673F50700E2A0BE /* LoginSigninCollectionViewCell.swift */; };
		9836FC4F2673F50700E2A0BE /* LoginSigninCollectionViewCell.xib in Resources */ = {isa = PBXBuildFile; fileRef = 9836FC4D2673F50700E2A0BE /* LoginSigninCollectionViewCell.xib */; };
		9836FC512674FF7F00E2A0BE /* NowShowingViewController.swift in Sources */ = {isa = PBXBuildFile; fileRef = 9836FC502674FF7F00E2A0BE /* NowShowingViewController.swift */; };
		9836FC532674FFA300E2A0BE /* SIdeMenuViewController.swift in Sources */ = {isa = PBXBuildFile; fileRef = 9836FC522674FFA300E2A0BE /* SIdeMenuViewController.swift */; };
		9836FC632675282C00E2A0BE /* GetTicketViewController.swift in Sources */ = {isa = PBXBuildFile; fileRef = 9836FC622675282C00E2A0BE /* GetTicketViewController.swift */; };
		9836FC6626752C7300E2A0BE /* NowShowingItemDelegate.swift in Sources */ = {isa = PBXBuildFile; fileRef = 9836FC6526752C7300E2A0BE /* NowShowingItemDelegate.swift */; };
		9836FC692675372D00E2A0BE /* NowShowingTableViewCell.swift in Sources */ = {isa = PBXBuildFile; fileRef = 9836FC672675372D00E2A0BE /* NowShowingTableViewCell.swift */; };
		9836FC6A2675372D00E2A0BE /* NowShowingTableViewCell.xib in Resources */ = {isa = PBXBuildFile; fileRef = 9836FC682675372D00E2A0BE /* NowShowingTableViewCell.xib */; };
		9836FCCD2677AF0300E2A0BE /* NowShowingCollectionViewCell.swift in Sources */ = {isa = PBXBuildFile; fileRef = 9836FCCB2677AF0200E2A0BE /* NowShowingCollectionViewCell.swift */; };
		9836FCCE2677AF0300E2A0BE /* NowShowingCollectionViewCell.xib in Resources */ = {isa = PBXBuildFile; fileRef = 9836FCCC2677AF0300E2A0BE /* NowShowingCollectionViewCell.xib */; };
		98550AF426835DC400C2C9E0 /* RatingControls.swift in Sources */ = {isa = PBXBuildFile; fileRef = 98550AF326835DC400C2C9E0 /* RatingControls.swift */; };
/* End PBXBuildFile section */

/* Begin PBXFileReference section */
		043A4C7E8677BD8D07EB7A56 /* Pods-MovieBookingApp.debug.xcconfig */ = {isa = PBXFileReference; includeInIndex = 1; lastKnownFileType = text.xcconfig; name = "Pods-MovieBookingApp.debug.xcconfig"; path = "Target Support Files/Pods-MovieBookingApp/Pods-MovieBookingApp.debug.xcconfig"; sourceTree = "<group>"; };
		399C9C21A0021E8D50E0516B /* Pods-MovieBookingApp.release.xcconfig */ = {isa = PBXFileReference; includeInIndex = 1; lastKnownFileType = text.xcconfig; name = "Pods-MovieBookingApp.release.xcconfig"; path = "Target Support Files/Pods-MovieBookingApp/Pods-MovieBookingApp.release.xcconfig"; sourceTree = "<group>"; };
		6F277D575396072B9450D624 /* Pods_MovieBookingApp.framework */ = {isa = PBXFileReference; explicitFileType = wrapper.framework; includeInIndex = 0; path = Pods_MovieBookingApp.framework; sourceTree = BUILT_PRODUCTS_DIR; };
		9821D9C5268382A70024AD76 /* GenreCollectionViewCell.swift */ = {isa = PBXFileReference; lastKnownFileType = sourcecode.swift; path = GenreCollectionViewCell.swift; sourceTree = "<group>"; };
		9821D9C6268382A70024AD76 /* GenreCollectionViewCell.xib */ = {isa = PBXFileReference; lastKnownFileType = file.xib; path = GenreCollectionViewCell.xib; sourceTree = "<group>"; };
		9821D9C926838D8B0024AD76 /* CastCollectionViewCell.swift */ = {isa = PBXFileReference; lastKnownFileType = sourcecode.swift; path = CastCollectionViewCell.swift; sourceTree = "<group>"; };
		9821D9CA26838D8B0024AD76 /* CastCollectionViewCell.xib */ = {isa = PBXFileReference; lastKnownFileType = file.xib; path = CastCollectionViewCell.xib; sourceTree = "<group>"; };
		9821D9CD2683947B0024AD76 /* PayViewController.swift */ = {isa = PBXFileReference; lastKnownFileType = sourcecode.swift; path = PayViewController.swift; sourceTree = "<group>"; };
		9821D9CF2683A41F0024AD76 /* VisaViewController.swift */ = {isa = PBXFileReference; lastKnownFileType = sourcecode.swift; path = VisaViewController.swift; sourceTree = "<group>"; };
		9821D9D12683A42A0024AD76 /* AwesomeViewController.swift */ = {isa = PBXFileReference; lastKnownFileType = sourcecode.swift; path = AwesomeViewController.swift; sourceTree = "<group>"; };
		9821D9D32683AF760024AD76 /* VisaCollectionViewCell.swift */ = {isa = PBXFileReference; lastKnownFileType = sourcecode.swift; path = VisaCollectionViewCell.swift; sourceTree = "<group>"; };
		9821D9D42683AF760024AD76 /* VisaCollectionViewCell.xib */ = {isa = PBXFileReference; lastKnownFileType = file.xib; path = VisaCollectionViewCell.xib; sourceTree = "<group>"; };
		9836FC05266E8E5C00E2A0BE /* MovieBookingApp.app */ = {isa = PBXFileReference; explicitFileType = wrapper.application; includeInIndex = 0; path = MovieBookingApp.app; sourceTree = BUILT_PRODUCTS_DIR; };
		9836FC08266E8E5C00E2A0BE /* AppDelegate.swift */ = {isa = PBXFileReference; lastKnownFileType = sourcecode.swift; path = AppDelegate.swift; sourceTree = "<group>"; };
		9836FC0A266E8E5C00E2A0BE /* SceneDelegate.swift */ = {isa = PBXFileReference; lastKnownFileType = sourcecode.swift; path = SceneDelegate.swift; sourceTree = "<group>"; };
		9836FC0C266E8E5C00E2A0BE /* ViewController.swift */ = {isa = PBXFileReference; lastKnownFileType = sourcecode.swift; path = ViewController.swift; sourceTree = "<group>"; };
		9836FC0F266E8E5C00E2A0BE /* Base */ = {isa = PBXFileReference; lastKnownFileType = file.storyboard; name = Base; path = Base.lproj/Main.storyboard; sourceTree = "<group>"; };
		9836FC11266E8E5E00E2A0BE /* Assets.xcassets */ = {isa = PBXFileReference; lastKnownFileType = folder.assetcatalog; path = Assets.xcassets; sourceTree = "<group>"; };
		9836FC14266E8E5E00E2A0BE /* Base */ = {isa = PBXFileReference; lastKnownFileType = file.storyboard; name = Base; path = Base.lproj/LaunchScreen.storyboard; sourceTree = "<group>"; };
		9836FC16266E8E5E00E2A0BE /* Info.plist */ = {isa = PBXFileReference; lastKnownFileType = text.plist.xml; path = Info.plist; sourceTree = "<group>"; };
		9836FC1E266FA3EE00E2A0BE /* MovieTimeViewController.swift */ = {isa = PBXFileReference; lastKnownFileType = sourcecode.swift; path = MovieTimeViewController.swift; sourceTree = "<group>"; };
		9836FC20266FA40300E2A0BE /* MovieSeatViewController.swift */ = {isa = PBXFileReference; lastKnownFileType = sourcecode.swift; path = MovieSeatViewController.swift; sourceTree = "<group>"; };
		9836FC32266FD04D00E2A0BE /* DayCollectionViewCell.swift */ = {isa = PBXFileReference; lastKnownFileType = sourcecode.swift; path = DayCollectionViewCell.swift; sourceTree = "<group>"; };
		9836FC33266FD04D00E2A0BE /* DayCollectionViewCell.xib */ = {isa = PBXFileReference; lastKnownFileType = file.xib; path = DayCollectionViewCell.xib; sourceTree = "<group>"; };
		9836FC36266FDF5400E2A0BE /* TimeCollectionViewCell.swift */ = {isa = PBXFileReference; lastKnownFileType = sourcecode.swift; path = TimeCollectionViewCell.swift; sourceTree = "<group>"; };
		9836FC37266FDF5400E2A0BE /* TimeCollectionViewCell.xib */ = {isa = PBXFileReference; lastKnownFileType = file.xib; path = TimeCollectionViewCell.xib; sourceTree = "<group>"; };
		9836FC3A2671307E00E2A0BE /* MovieVO.swift */ = {isa = PBXFileReference; lastKnownFileType = sourcecode.swift; path = MovieVO.swift; sourceTree = "<group>"; };
		9836FC3C2671337A00E2A0BE /* AppConstants.swift */ = {isa = PBXFileReference; lastKnownFileType = sourcecode.swift; path = AppConstants.swift; sourceTree = "<group>"; };
		9836FC3E2671340A00E2A0BE /* Dummy.swift */ = {isa = PBXFileReference; lastKnownFileType = sourcecode.swift; path = Dummy.swift; sourceTree = "<group>"; };
		9836FC4026713A3D00E2A0BE /* MovieSeatCollectionViewCell.swift */ = {isa = PBXFileReference; lastKnownFileType = sourcecode.swift; path = MovieSeatCollectionViewCell.swift; sourceTree = "<group>"; };
		9836FC4126713A3D00E2A0BE /* MovieSeatCollectionViewCell.xib */ = {isa = PBXFileReference; lastKnownFileType = file.xib; path = MovieSeatCollectionViewCell.xib; sourceTree = "<group>"; };
		9836FC442672081A00E2A0BE /* WelcomeViewController.swift */ = {isa = PBXFileReference; lastKnownFileType = sourcecode.swift; path = WelcomeViewController.swift; sourceTree = "<group>"; };
		9836FC462673D15700E2A0BE /* Router.swift */ = {isa = PBXFileReference; lastKnownFileType = sourcecode.swift; path = Router.swift; sourceTree = "<group>"; };
		9836FC482673DDFC00E2A0BE /* LoginViewController.swift */ = {isa = PBXFileReference; lastKnownFileType = sourcecode.swift; path = LoginViewController.swift; sourceTree = "<group>"; };
		9836FC4A2673E55F00E2A0BE /* ViewExtension.swift */ = {isa = PBXFileReference; lastKnownFileType = sourcecode.swift; path = ViewExtension.swift; sourceTree = "<group>"; };
		9836FC4C2673F50700E2A0BE /* LoginSigninCollectionViewCell.swift */ = {isa = PBXFileReference; lastKnownFileType = sourcecode.swift; path = LoginSigninCollectionViewCell.swift; sourceTree = "<group>"; };
		9836FC4D2673F50700E2A0BE /* LoginSigninCollectionViewCell.xib */ = {isa = PBXFileReference; lastKnownFileType = file.xib; path = LoginSigninCollectionViewCell.xib; sourceTree = "<group>"; };
		9836FC502674FF7F00E2A0BE /* NowShowingViewController.swift */ = {isa = PBXFileReference; lastKnownFileType = sourcecode.swift; path = NowShowingViewController.swift; sourceTree = "<group>"; };
		9836FC522674FFA300E2A0BE /* SIdeMenuViewController.swift */ = {isa = PBXFileReference; lastKnownFileType = sourcecode.swift; path = SIdeMenuViewController.swift; sourceTree = "<group>"; };
		9836FC622675282C00E2A0BE /* GetTicketViewController.swift */ = {isa = PBXFileReference; lastKnownFileType = sourcecode.swift; path = GetTicketViewController.swift; sourceTree = "<group>"; };
		9836FC6526752C7300E2A0BE /* NowShowingItemDelegate.swift */ = {isa = PBXFileReference; lastKnownFileType = sourcecode.swift; path = NowShowingItemDelegate.swift; sourceTree = "<group>"; };
		9836FC672675372D00E2A0BE /* NowShowingTableViewCell.swift */ = {isa = PBXFileReference; lastKnownFileType = sourcecode.swift; path = NowShowingTableViewCell.swift; sourceTree = "<group>"; };
		9836FC682675372D00E2A0BE /* NowShowingTableViewCell.xib */ = {isa = PBXFileReference; lastKnownFileType = file.xib; path = NowShowingTableViewCell.xib; sourceTree = "<group>"; };
		9836FCCB2677AF0200E2A0BE /* NowShowingCollectionViewCell.swift */ = {isa = PBXFileReference; lastKnownFileType = sourcecode.swift; path = NowShowingCollectionViewCell.swift; sourceTree = "<group>"; };
		9836FCCC2677AF0300E2A0BE /* NowShowingCollectionViewCell.xib */ = {isa = PBXFileReference; lastKnownFileType = file.xib; path = NowShowingCollectionViewCell.xib; sourceTree = "<group>"; };
		98550AF326835DC400C2C9E0 /* RatingControls.swift */ = {isa = PBXFileReference; lastKnownFileType = sourcecode.swift; path = RatingControls.swift; sourceTree = "<group>"; };
/* End PBXFileReference section */

/* Begin PBXFrameworksBuildPhase section */
		9836FC02266E8E5C00E2A0BE /* Frameworks */ = {
			isa = PBXFrameworksBuildPhase;
			buildActionMask = 2147483647;
			files = (
				00DB06F20C4BF88BCA80A00D /* Pods_MovieBookingApp.framework in Frameworks */,
			);
			runOnlyForDeploymentPostprocessing = 0;
		};
/* End PBXFrameworksBuildPhase section */

/* Begin PBXGroup section */
		5C29D92484416DDC32A77B65 /* Frameworks */ = {
			isa = PBXGroup;
			children = (
				6F277D575396072B9450D624 /* Pods_MovieBookingApp.framework */,
			);
			name = Frameworks;
			sourceTree = "<group>";
		};
		9836FBFC266E8E5C00E2A0BE = {
			isa = PBXGroup;
			children = (
				9836FC07266E8E5C00E2A0BE /* MovieBookingApp */,
				9836FC06266E8E5C00E2A0BE /* Products */,
				C3B21CC8F579927F6617D226 /* Pods */,
				5C29D92484416DDC32A77B65 /* Frameworks */,
			);
			sourceTree = "<group>";
		};
		9836FC06266E8E5C00E2A0BE /* Products */ = {
			isa = PBXGroup;
			children = (
				9836FC05266E8E5C00E2A0BE /* MovieBookingApp.app */,
			);
			name = Products;
			sourceTree = "<group>";
		};
		9836FC07266E8E5C00E2A0BE /* MovieBookingApp */ = {
			isa = PBXGroup;
			children = (
				9836FC6426752C4E00E2A0BE /* protocol */,
				9836FC2E266FC35A00E2A0BE /* dummy */,
				9836FC2F266FC3AB00E2A0BE /* utils */,
				9836FC30266FC3B000E2A0BE /* data */,
				9836FC22266FC23300E2A0BE /* Delegate */,
				98550AF226835DA900C2C9E0 /* components */,
				9836FC27266FC2F000E2A0BE /* cell */,
				9836FC1D266FA3BD00E2A0BE /* view controller */,
				9836FC23266FC24600E2A0BE /* storyboard */,
				9836FC24266FC26000E2A0BE /* resource */,
				9836FC16266E8E5E00E2A0BE /* Info.plist */,
			);
			path = MovieBookingApp;
			sourceTree = "<group>";
		};
		9836FC1D266FA3BD00E2A0BE /* view controller */ = {
			isa = PBXGroup;
			children = (
				9836FC0C266E8E5C00E2A0BE /* ViewController.swift */,
				9836FC1E266FA3EE00E2A0BE /* MovieTimeViewController.swift */,
				9836FC20266FA40300E2A0BE /* MovieSeatViewController.swift */,
				9836FC442672081A00E2A0BE /* WelcomeViewController.swift */,
				9836FC482673DDFC00E2A0BE /* LoginViewController.swift */,
				9836FC502674FF7F00E2A0BE /* NowShowingViewController.swift */,
				9836FC522674FFA300E2A0BE /* SIdeMenuViewController.swift */,
				9836FC622675282C00E2A0BE /* GetTicketViewController.swift */,
				9821D9CD2683947B0024AD76 /* PayViewController.swift */,
				9821D9CF2683A41F0024AD76 /* VisaViewController.swift */,
				9821D9D12683A42A0024AD76 /* AwesomeViewController.swift */,
			);
			path = "view controller";
			sourceTree = "<group>";
		};
		9836FC22266FC23300E2A0BE /* Delegate */ = {
			isa = PBXGroup;
			children = (
				9836FC08266E8E5C00E2A0BE /* AppDelegate.swift */,
				9836FC0A266E8E5C00E2A0BE /* SceneDelegate.swift */,
			);
			path = Delegate;
			sourceTree = "<group>";
		};
		9836FC23266FC24600E2A0BE /* storyboard */ = {
			isa = PBXGroup;
			children = (
				9836FC0E266E8E5C00E2A0BE /* Main.storyboard */,
				9836FC13266E8E5E00E2A0BE /* LaunchScreen.storyboard */,
			);
			path = storyboard;
			sourceTree = "<group>";
		};
		9836FC24266FC26000E2A0BE /* resource */ = {
			isa = PBXGroup;
			children = (
				9836FC11266E8E5E00E2A0BE /* Assets.xcassets */,
			);
			path = resource;
			sourceTree = "<group>";
		};
		9836FC27266FC2F000E2A0BE /* cell */ = {
			isa = PBXGroup;
			children = (
				9836FC28266FC2FC00E2A0BE /* collection view */,
				9836FC29266FC30600E2A0BE /* table vIew */,
			);
			path = cell;
			sourceTree = "<group>";
		};
		9836FC28266FC2FC00E2A0BE /* collection view */ = {
			isa = PBXGroup;
			children = (
				9836FC2D266FC34E00E2A0BE /* swifts */,
				9836FC2C266FC34800E2A0BE /* xibs */,
			);
			path = "collection view";
			sourceTree = "<group>";
		};
		9836FC29266FC30600E2A0BE /* table vIew */ = {
			isa = PBXGroup;
			children = (
				9836FC2B266FC34300E2A0BE /* swifts */,
				9836FC2A266FC32C00E2A0BE /* xibs */,
			);
			path = "table vIew";
			sourceTree = "<group>";
		};
		9836FC2A266FC32C00E2A0BE /* xibs */ = {
			isa = PBXGroup;
			children = (
				9836FC682675372D00E2A0BE /* NowShowingTableViewCell.xib */,
			);
			path = xibs;
			sourceTree = "<group>";
		};
		9836FC2B266FC34300E2A0BE /* swifts */ = {
			isa = PBXGroup;
			children = (
				9836FC672675372D00E2A0BE /* NowShowingTableViewCell.swift */,
			);
			path = swifts;
			sourceTree = "<group>";
		};
		9836FC2C266FC34800E2A0BE /* xibs */ = {
			isa = PBXGroup;
			children = (
				9836FC33266FD04D00E2A0BE /* DayCollectionViewCell.xib */,
				9836FC37266FDF5400E2A0BE /* TimeCollectionViewCell.xib */,
				9836FC4126713A3D00E2A0BE /* MovieSeatCollectionViewCell.xib */,
				9836FC4D2673F50700E2A0BE /* LoginSigninCollectionViewCell.xib */,
				9836FCCC2677AF0300E2A0BE /* NowShowingCollectionViewCell.xib */,
				9821D9C6268382A70024AD76 /* GenreCollectionViewCell.xib */,
				9821D9CA26838D8B0024AD76 /* CastCollectionViewCell.xib */,
				9821D9D42683AF760024AD76 /* VisaCollectionViewCell.xib */,
			);
			path = xibs;
			sourceTree = "<group>";
		};
		9836FC2D266FC34E00E2A0BE /* swifts */ = {
			isa = PBXGroup;
			children = (
				9836FC32266FD04D00E2A0BE /* DayCollectionViewCell.swift */,
				9836FC36266FDF5400E2A0BE /* TimeCollectionViewCell.swift */,
				9836FC4026713A3D00E2A0BE /* MovieSeatCollectionViewCell.swift */,
				9836FC4C2673F50700E2A0BE /* LoginSigninCollectionViewCell.swift */,
				9836FCCB2677AF0200E2A0BE /* NowShowingCollectionViewCell.swift */,
				9821D9C5268382A70024AD76 /* GenreCollectionViewCell.swift */,
				9821D9C926838D8B0024AD76 /* CastCollectionViewCell.swift */,
				9821D9D32683AF760024AD76 /* VisaCollectionViewCell.swift */,
			);
			path = swifts;
			sourceTree = "<group>";
		};
		9836FC2E266FC35A00E2A0BE /* dummy */ = {
			isa = PBXGroup;
			children = (
				9836FC3E2671340A00E2A0BE /* Dummy.swift */,
			);
			path = dummy;
			sourceTree = "<group>";
		};
		9836FC2F266FC3AB00E2A0BE /* utils */ = {
			isa = PBXGroup;
			children = (
				9836FC3C2671337A00E2A0BE /* AppConstants.swift */,
				9836FC4A2673E55F00E2A0BE /* ViewExtension.swift */,
				9836FC462673D15700E2A0BE /* Router.swift */,
			);
			path = utils;
			sourceTree = "<group>";
		};
		9836FC30266FC3B000E2A0BE /* data */ = {
			isa = PBXGroup;
			children = (
				9836FC31266FC3DF00E2A0BE /* vos */,
			);
			path = data;
			sourceTree = "<group>";
		};
		9836FC31266FC3DF00E2A0BE /* vos */ = {
			isa = PBXGroup;
			children = (
				9836FC3A2671307E00E2A0BE /* MovieVO.swift */,
			);
			path = vos;
			sourceTree = "<group>";
		};
		9836FC6426752C4E00E2A0BE /* protocol */ = {
			isa = PBXGroup;
			children = (
				9836FC6526752C7300E2A0BE /* NowShowingItemDelegate.swift */,
			);
			path = protocol;
			sourceTree = "<group>";
		};
		98550AF226835DA900C2C9E0 /* components */ = {
			isa = PBXGroup;
			children = (
				98550AF326835DC400C2C9E0 /* RatingControls.swift */,
			);
			path = components;
			sourceTree = "<group>";
		};
		C3B21CC8F579927F6617D226 /* Pods */ = {
			isa = PBXGroup;
			children = (
				043A4C7E8677BD8D07EB7A56 /* Pods-MovieBookingApp.debug.xcconfig */,
				399C9C21A0021E8D50E0516B /* Pods-MovieBookingApp.release.xcconfig */,
			);
			path = Pods;
			sourceTree = "<group>";
		};
/* End PBXGroup section */

/* Begin PBXNativeTarget section */
		9836FC04266E8E5C00E2A0BE /* MovieBookingApp */ = {
			isa = PBXNativeTarget;
			buildConfigurationList = 9836FC19266E8E5E00E2A0BE /* Build configuration list for PBXNativeTarget "MovieBookingApp" */;
			buildPhases = (
				ABC29CE2EF68512D664B24D8 /* [CP] Check Pods Manifest.lock */,
				9836FC01266E8E5C00E2A0BE /* Sources */,
				9836FC02266E8E5C00E2A0BE /* Frameworks */,
				9836FC03266E8E5C00E2A0BE /* Resources */,
				1DDA4F73DAA01B60DB496C07 /* [CP] Embed Pods Frameworks */,
			);
			buildRules = (
			);
			dependencies = (
			);
			name = MovieBookingApp;
			productName = MovieBookingApp;
			productReference = 9836FC05266E8E5C00E2A0BE /* MovieBookingApp.app */;
			productType = "com.apple.product-type.application";
		};
/* End PBXNativeTarget section */

/* Begin PBXProject section */
		9836FBFD266E8E5C00E2A0BE /* Project object */ = {
			isa = PBXProject;
			attributes = {
				LastSwiftUpdateCheck = 1250;
				LastUpgradeCheck = 1250;
				TargetAttributes = {
					9836FC04266E8E5C00E2A0BE = {
						CreatedOnToolsVersion = 12.5;
					};
				};
			};
			buildConfigurationList = 9836FC00266E8E5C00E2A0BE /* Build configuration list for PBXProject "MovieBookingApp" */;
			compatibilityVersion = "Xcode 9.3";
			developmentRegion = en;
			hasScannedForEncodings = 0;
			knownRegions = (
				en,
				Base,
			);
			mainGroup = 9836FBFC266E8E5C00E2A0BE;
			productRefGroup = 9836FC06266E8E5C00E2A0BE /* Products */;
			projectDirPath = "";
			projectRoot = "";
			targets = (
				9836FC04266E8E5C00E2A0BE /* MovieBookingApp */,
			);
		};
/* End PBXProject section */

/* Begin PBXResourcesBuildPhase section */
		9836FC03266E8E5C00E2A0BE /* Resources */ = {
			isa = PBXResourcesBuildPhase;
			buildActionMask = 2147483647;
			files = (
				9836FC15266E8E5E00E2A0BE /* LaunchScreen.storyboard in Resources */,
				9836FCCE2677AF0300E2A0BE /* NowShowingCollectionViewCell.xib in Resources */,
				9821D9CC26838D8B0024AD76 /* CastCollectionViewCell.xib in Resources */,
				9836FC12266E8E5E00E2A0BE /* Assets.xcassets in Resources */,
				9821D9C8268382A70024AD76 /* GenreCollectionViewCell.xib in Resources */,
				9836FC4F2673F50700E2A0BE /* LoginSigninCollectionViewCell.xib in Resources */,
				9836FC39266FDF5400E2A0BE /* TimeCollectionViewCell.xib in Resources */,
				9836FC6A2675372D00E2A0BE /* NowShowingTableViewCell.xib in Resources */,
				9821D9D62683AF760024AD76 /* VisaCollectionViewCell.xib in Resources */,
				9836FC10266E8E5C00E2A0BE /* Main.storyboard in Resources */,
				9836FC4326713A3D00E2A0BE /* MovieSeatCollectionViewCell.xib in Resources */,
				9836FC35266FD04D00E2A0BE /* DayCollectionViewCell.xib in Resources */,
			);
			runOnlyForDeploymentPostprocessing = 0;
		};
/* End PBXResourcesBuildPhase section */

/* Begin PBXShellScriptBuildPhase section */
		1DDA4F73DAA01B60DB496C07 /* [CP] Embed Pods Frameworks */ = {
			isa = PBXShellScriptBuildPhase;
			buildActionMask = 2147483647;
			files = (
			);
			inputFileListPaths = (
				"${PODS_ROOT}/Target Support Files/Pods-MovieBookingApp/Pods-MovieBookingApp-frameworks-${CONFIGURATION}-input-files.xcfilelist",
			);
			name = "[CP] Embed Pods Frameworks";
			outputFileListPaths = (
				"${PODS_ROOT}/Target Support Files/Pods-MovieBookingApp/Pods-MovieBookingApp-frameworks-${CONFIGURATION}-output-files.xcfilelist",
			);
			runOnlyForDeploymentPostprocessing = 0;
			shellPath = /bin/sh;
			shellScript = "\"${PODS_ROOT}/Target Support Files/Pods-MovieBookingApp/Pods-MovieBookingApp-frameworks.sh\"\n";
			showEnvVarsInLog = 0;
		};
		ABC29CE2EF68512D664B24D8 /* [CP] Check Pods Manifest.lock */ = {
			isa = PBXShellScriptBuildPhase;
			buildActionMask = 2147483647;
			files = (
			);
			inputFileListPaths = (
			);
			inputPaths = (
				"${PODS_PODFILE_DIR_PATH}/Podfile.lock",
				"${PODS_ROOT}/Manifest.lock",
			);
			name = "[CP] Check Pods Manifest.lock";
			outputFileListPaths = (
			);
			outputPaths = (
				"$(DERIVED_FILE_DIR)/Pods-MovieBookingApp-checkManifestLockResult.txt",
			);
			runOnlyForDeploymentPostprocessing = 0;
			shellPath = /bin/sh;
			shellScript = "diff \"${PODS_PODFILE_DIR_PATH}/Podfile.lock\" \"${PODS_ROOT}/Manifest.lock\" > /dev/null\nif [ $? != 0 ] ; then\n    # print error to STDERR\n    echo \"error: The sandbox is not in sync with the Podfile.lock. Run 'pod install' or update your CocoaPods installation.\" >&2\n    exit 1\nfi\n# This output is used by Xcode 'outputs' to avoid re-running this script phase.\necho \"SUCCESS\" > \"${SCRIPT_OUTPUT_FILE_0}\"\n";
			showEnvVarsInLog = 0;
		};
/* End PBXShellScriptBuildPhase section */

/* Begin PBXSourcesBuildPhase section */
		9836FC01266E8E5C00E2A0BE /* Sources */ = {
			isa = PBXSourcesBuildPhase;
			buildActionMask = 2147483647;
			files = (
				9821D9D22683A42A0024AD76 /* AwesomeViewController.swift in Sources */,
				9836FC492673DDFC00E2A0BE /* LoginViewController.swift in Sources */,
				9836FC632675282C00E2A0BE /* GetTicketViewController.swift in Sources */,
				9836FC0D266E8E5C00E2A0BE /* ViewController.swift in Sources */,
				9836FC3D2671337A00E2A0BE /* AppConstants.swift in Sources */,
				9836FC3F2671340A00E2A0BE /* Dummy.swift in Sources */,
				9836FC34266FD04D00E2A0BE /* DayCollectionViewCell.swift in Sources */,
				9836FC21266FA40300E2A0BE /* MovieSeatViewController.swift in Sources */,
				9821D9D02683A41F0024AD76 /* VisaViewController.swift in Sources */,
				9836FC532674FFA300E2A0BE /* SIdeMenuViewController.swift in Sources */,
				9836FC4E2673F50700E2A0BE /* LoginSigninCollectionViewCell.swift in Sources */,
				9836FC09266E8E5C00E2A0BE /* AppDelegate.swift in Sources */,
				9836FC38266FDF5400E2A0BE /* TimeCollectionViewCell.swift in Sources */,
				9836FC3B2671307E00E2A0BE /* MovieVO.swift in Sources */,
				9836FC4B2673E55F00E2A0BE /* ViewExtension.swift in Sources */,
				9821D9CE2683947B0024AD76 /* PayViewController.swift in Sources */,
				9821D9CB26838D8B0024AD76 /* CastCollectionViewCell.swift in Sources */,
				98550AF426835DC400C2C9E0 /* RatingControls.swift in Sources */,
				9836FC4226713A3D00E2A0BE /* MovieSeatCollectionViewCell.swift in Sources */,
				9836FC452672081A00E2A0BE /* WelcomeViewController.swift in Sources */,
				9836FC1F266FA3EE00E2A0BE /* MovieTimeViewController.swift in Sources */,
				9836FC512674FF7F00E2A0BE /* NowShowingViewController.swift in Sources */,
				9836FCCD2677AF0300E2A0BE /* NowShowingCollectionViewCell.swift in Sources */,
				9836FC0B266E8E5C00E2A0BE /* SceneDelegate.swift in Sources */,
				9836FC472673D15700E2A0BE /* Router.swift in Sources */,
				9836FC692675372D00E2A0BE /* NowShowingTableViewCell.swift in Sources */,
				9821D9C7268382A70024AD76 /* GenreCollectionViewCell.swift in Sources */,
				9836FC6626752C7300E2A0BE /* NowShowingItemDelegate.swift in Sources */,
				9821D9D52683AF760024AD76 /* VisaCollectionViewCell.swift in Sources */,
			);
			runOnlyForDeploymentPostprocessing = 0;
		};
/* End PBXSourcesBuildPhase section */

/* Begin PBXVariantGroup section */
		9836FC0E266E8E5C00E2A0BE /* Main.storyboard */ = {
			isa = PBXVariantGroup;
			children = (
				9836FC0F266E8E5C00E2A0BE /* Base */,
			);
			name = Main.storyboard;
			sourceTree = "<group>";
		};
		9836FC13266E8E5E00E2A0BE /* LaunchScreen.storyboard */ = {
			isa = PBXVariantGroup;
			children = (
				9836FC14266E8E5E00E2A0BE /* Base */,
			);
			name = LaunchScreen.storyboard;
			sourceTree = "<group>";
		};
/* End PBXVariantGroup section */

/* Begin XCBuildConfiguration section */
		9836FC17266E8E5E00E2A0BE /* Debug */ = {
			isa = XCBuildConfiguration;
			buildSettings = {
				ALWAYS_SEARCH_USER_PATHS = NO;
				CLANG_ANALYZER_NONNULL = YES;
				CLANG_ANALYZER_NUMBER_OBJECT_CONVERSION = YES_AGGRESSIVE;
				CLANG_CXX_LANGUAGE_STANDARD = "gnu++14";
				CLANG_CXX_LIBRARY = "libc++";
				CLANG_ENABLE_MODULES = YES;
				CLANG_ENABLE_OBJC_ARC = YES;
				CLANG_ENABLE_OBJC_WEAK = YES;
				CLANG_WARN_BLOCK_CAPTURE_AUTORELEASING = YES;
				CLANG_WARN_BOOL_CONVERSION = YES;
				CLANG_WARN_COMMA = YES;
				CLANG_WARN_CONSTANT_CONVERSION = YES;
				CLANG_WARN_DEPRECATED_OBJC_IMPLEMENTATIONS = YES;
				CLANG_WARN_DIRECT_OBJC_ISA_USAGE = YES_ERROR;
				CLANG_WARN_DOCUMENTATION_COMMENTS = YES;
				CLANG_WARN_EMPTY_BODY = YES;
				CLANG_WARN_ENUM_CONVERSION = YES;
				CLANG_WARN_INFINITE_RECURSION = YES;
				CLANG_WARN_INT_CONVERSION = YES;
				CLANG_WARN_NON_LITERAL_NULL_CONVERSION = YES;
				CLANG_WARN_OBJC_IMPLICIT_RETAIN_SELF = YES;
				CLANG_WARN_OBJC_LITERAL_CONVERSION = YES;
				CLANG_WARN_OBJC_ROOT_CLASS = YES_ERROR;
				CLANG_WARN_QUOTED_INCLUDE_IN_FRAMEWORK_HEADER = YES;
				CLANG_WARN_RANGE_LOOP_ANALYSIS = YES;
				CLANG_WARN_STRICT_PROTOTYPES = YES;
				CLANG_WARN_SUSPICIOUS_MOVE = YES;
				CLANG_WARN_UNGUARDED_AVAILABILITY = YES_AGGRESSIVE;
				CLANG_WARN_UNREACHABLE_CODE = YES;
				CLANG_WARN__DUPLICATE_METHOD_MATCH = YES;
				COPY_PHASE_STRIP = NO;
				DEBUG_INFORMATION_FORMAT = dwarf;
				ENABLE_STRICT_OBJC_MSGSEND = YES;
				ENABLE_TESTABILITY = YES;
				GCC_C_LANGUAGE_STANDARD = gnu11;
				GCC_DYNAMIC_NO_PIC = NO;
				GCC_NO_COMMON_BLOCKS = YES;
				GCC_OPTIMIZATION_LEVEL = 0;
				GCC_PREPROCESSOR_DEFINITIONS = (
					"DEBUG=1",
					"$(inherited)",
				);
				GCC_WARN_64_TO_32_BIT_CONVERSION = YES;
				GCC_WARN_ABOUT_RETURN_TYPE = YES_ERROR;
				GCC_WARN_UNDECLARED_SELECTOR = YES;
				GCC_WARN_UNINITIALIZED_AUTOS = YES_AGGRESSIVE;
				GCC_WARN_UNUSED_FUNCTION = YES;
				GCC_WARN_UNUSED_VARIABLE = YES;
				IPHONEOS_DEPLOYMENT_TARGET = 14.5;
				MTL_ENABLE_DEBUG_INFO = INCLUDE_SOURCE;
				MTL_FAST_MATH = YES;
				ONLY_ACTIVE_ARCH = YES;
				SDKROOT = iphoneos;
				SWIFT_ACTIVE_COMPILATION_CONDITIONS = DEBUG;
				SWIFT_OPTIMIZATION_LEVEL = "-Onone";
			};
			name = Debug;
		};
		9836FC18266E8E5E00E2A0BE /* Release */ = {
			isa = XCBuildConfiguration;
			buildSettings = {
				ALWAYS_SEARCH_USER_PATHS = NO;
				CLANG_ANALYZER_NONNULL = YES;
				CLANG_ANALYZER_NUMBER_OBJECT_CONVERSION = YES_AGGRESSIVE;
				CLANG_CXX_LANGUAGE_STANDARD = "gnu++14";
				CLANG_CXX_LIBRARY = "libc++";
				CLANG_ENABLE_MODULES = YES;
				CLANG_ENABLE_OBJC_ARC = YES;
				CLANG_ENABLE_OBJC_WEAK = YES;
				CLANG_WARN_BLOCK_CAPTURE_AUTORELEASING = YES;
				CLANG_WARN_BOOL_CONVERSION = YES;
				CLANG_WARN_COMMA = YES;
				CLANG_WARN_CONSTANT_CONVERSION = YES;
				CLANG_WARN_DEPRECATED_OBJC_IMPLEMENTATIONS = YES;
				CLANG_WARN_DIRECT_OBJC_ISA_USAGE = YES_ERROR;
				CLANG_WARN_DOCUMENTATION_COMMENTS = YES;
				CLANG_WARN_EMPTY_BODY = YES;
				CLANG_WARN_ENUM_CONVERSION = YES;
				CLANG_WARN_INFINITE_RECURSION = YES;
				CLANG_WARN_INT_CONVERSION = YES;
				CLANG_WARN_NON_LITERAL_NULL_CONVERSION = YES;
				CLANG_WARN_OBJC_IMPLICIT_RETAIN_SELF = YES;
				CLANG_WARN_OBJC_LITERAL_CONVERSION = YES;
				CLANG_WARN_OBJC_ROOT_CLASS = YES_ERROR;
				CLANG_WARN_QUOTED_INCLUDE_IN_FRAMEWORK_HEADER = YES;
				CLANG_WARN_RANGE_LOOP_ANALYSIS = YES;
				CLANG_WARN_STRICT_PROTOTYPES = YES;
				CLANG_WARN_SUSPICIOUS_MOVE = YES;
				CLANG_WARN_UNGUARDED_AVAILABILITY = YES_AGGRESSIVE;
				CLANG_WARN_UNREACHABLE_CODE = YES;
				CLANG_WARN__DUPLICATE_METHOD_MATCH = YES;
				COPY_PHASE_STRIP = NO;
				DEBUG_INFORMATION_FORMAT = "dwarf-with-dsym";
				ENABLE_NS_ASSERTIONS = NO;
				ENABLE_STRICT_OBJC_MSGSEND = YES;
				GCC_C_LANGUAGE_STANDARD = gnu11;
				GCC_NO_COMMON_BLOCKS = YES;
				GCC_WARN_64_TO_32_BIT_CONVERSION = YES;
				GCC_WARN_ABOUT_RETURN_TYPE = YES_ERROR;
				GCC_WARN_UNDECLARED_SELECTOR = YES;
				GCC_WARN_UNINITIALIZED_AUTOS = YES_AGGRESSIVE;
				GCC_WARN_UNUSED_FUNCTION = YES;
				GCC_WARN_UNUSED_VARIABLE = YES;
				IPHONEOS_DEPLOYMENT_TARGET = 14.5;
				MTL_ENABLE_DEBUG_INFO = NO;
				MTL_FAST_MATH = YES;
				SDKROOT = iphoneos;
				SWIFT_COMPILATION_MODE = wholemodule;
				SWIFT_OPTIMIZATION_LEVEL = "-O";
				VALIDATE_PRODUCT = YES;
			};
			name = Release;
		};
		9836FC1A266E8E5E00E2A0BE /* Debug */ = {
			isa = XCBuildConfiguration;
			baseConfigurationReference = 043A4C7E8677BD8D07EB7A56 /* Pods-MovieBookingApp.debug.xcconfig */;
			buildSettings = {
				ASSETCATALOG_COMPILER_APPICON_NAME = AppIcon;
				ASSETCATALOG_COMPILER_GLOBAL_ACCENT_COLOR_NAME = AccentColor;
				CODE_SIGN_STYLE = Automatic;
				DEVELOPMENT_TEAM = W89N8ZRY2L;
				INFOPLIST_FILE = MovieBookingApp/Info.plist;
				LD_RUNPATH_SEARCH_PATHS = (
					"$(inherited)",
					"@executable_path/Frameworks",
				);
				PRODUCT_BUNDLE_IDENTIFIER = com.padc.MovieBookingApp;
				PRODUCT_NAME = "$(TARGET_NAME)";
				SWIFT_VERSION = 5.0;
				TARGETED_DEVICE_FAMILY = "1,2";
			};
			name = Debug;
		};
		9836FC1B266E8E5E00E2A0BE /* Release */ = {
			isa = XCBuildConfiguration;
			baseConfigurationReference = 399C9C21A0021E8D50E0516B /* Pods-MovieBookingApp.release.xcconfig */;
			buildSettings = {
				ASSETCATALOG_COMPILER_APPICON_NAME = AppIcon;
				ASSETCATALOG_COMPILER_GLOBAL_ACCENT_COLOR_NAME = AccentColor;
				CODE_SIGN_STYLE = Automatic;
				DEVELOPMENT_TEAM = W89N8ZRY2L;
				INFOPLIST_FILE = MovieBookingApp/Info.plist;
				LD_RUNPATH_SEARCH_PATHS = (
					"$(inherited)",
					"@executable_path/Frameworks",
				);
				PRODUCT_BUNDLE_IDENTIFIER = com.padc.MovieBookingApp;
				PRODUCT_NAME = "$(TARGET_NAME)";
				SWIFT_VERSION = 5.0;
				TARGETED_DEVICE_FAMILY = "1,2";
			};
			name = Release;
		};
/* End XCBuildConfiguration section */

/* Begin XCConfigurationList section */
		9836FC00266E8E5C00E2A0BE /* Build configuration list for PBXProject "MovieBookingApp" */ = {
			isa = XCConfigurationList;
			buildConfigurations = (
				9836FC17266E8E5E00E2A0BE /* Debug */,
				9836FC18266E8E5E00E2A0BE /* Release */,
			);
			defaultConfigurationIsVisible = 0;
			defaultConfigurationName = Release;
		};
		9836FC19266E8E5E00E2A0BE /* Build configuration list for PBXNativeTarget "MovieBookingApp" */ = {
			isa = XCConfigurationList;
			buildConfigurations = (
				9836FC1A266E8E5E00E2A0BE /* Debug */,
				9836FC1B266E8E5E00E2A0BE /* Release */,
			);
			defaultConfigurationIsVisible = 0;
			defaultConfigurationName = Release;
		};
/* End XCConfigurationList section */
	};
	rootObject = 9836FBFD266E8E5C00E2A0BE /* Project object */;
}
